
Microsoft Visual Studio Solution File, Format Version 12.00
# Visual Studio Version 16
VisualStudioVersion = 16.0.32228.343
MinimumVisualStudioVersion = 10.0.40219.1
Project("{FAE04EC0-301F-11D3-BF4B-00C04F79EFBC}") = "Csharp2Opdrachten", "Csharp2Opdrachten\Csharp2Opdrachten.csproj", "{60C63390-287E-42DE-8FC1-A9565FD3DB74}"
EndProject
Global
	GlobalSection(SolutionConfigurationPlatforms) = preSolution
		Debug|Any CPU = Debug|Any CPU
		Release|Any CPU = Release|Any CPU
	EndGlobalSection
	GlobalSection(ProjectConfigurationPlatforms) = postSolution
		{60C63390-287E-42DE-8FC1-A9565FD3DB74}.Debug|Any CPU.ActiveCfg = Debug|Any CPU
		{60C63390-287E-42DE-8FC1-A9565FD3DB74}.Debug|Any CPU.Build.0 = Debug|Any CPU
		{60C63390-287E-42DE-8FC1-A9565FD3DB74}.Release|Any CPU.ActiveCfg = Release|Any CPU
		{60C63390-287E-42DE-8FC1-A9565FD3DB74}.Release|Any CPU.Build.0 = Release|Any CPU
	EndGlobalSection
	GlobalSection(SolutionProperties) = preSolution
		HideSolutionNode = FALSE
	EndGlobalSection
	GlobalSection(ExtensibilityGlobals) = postSolution
		SolutionGuid = {20A9C667-4550-4407-9E90-702879A57FE9}
	EndGlobalSection
EndGlobal
